
Microsoft Visual Studio Solution File, Format Version 12.00
# Visual Studio Version 16
VisualStudioVersion = 16.0.29613.14
MinimumVisualStudioVersion = 10.0.40219.1
Project("{FAE04EC0-301F-11D3-BF4B-00C04F79EFBC}") = "IRIProducts", "IRIProducts.csproj", "{D55346FA-08D2-4DE2-BB75-6CA1FF7E9FC8}"
EndProject
Project("{2150E333-8FDC-42A3-9474-1A3956D46DE8}") = "Tests", "Tests", "{F21AE253-C1BA-46DB-B777-E2F1E2F7998F}"
EndProject
Project("{FAE04EC0-301F-11D3-BF4B-00C04F79EFBC}") = "IRIProductsTests", "..\IRIProductsTests\IRIProductsTests.csproj", "{47E341B7-2812-4A98-8071-6A732F80BC1B}"
EndProject
Global
	GlobalSection(SolutionConfigurationPlatforms) = preSolution
		Debug|Any CPU = Debug|Any CPU
		Release|Any CPU = Release|Any CPU
	EndGlobalSection
	GlobalSection(ProjectConfigurationPlatforms) = postSolution
		{D55346FA-08D2-4DE2-BB75-6CA1FF7E9FC8}.Debug|Any CPU.ActiveCfg = Debug|Any CPU
		{D55346FA-08D2-4DE2-BB75-6CA1FF7E9FC8}.Debug|Any CPU.Build.0 = Debug|Any CPU
		{D55346FA-08D2-4DE2-BB75-6CA1FF7E9FC8}.Release|Any CPU.ActiveCfg = Release|Any CPU
		{D55346FA-08D2-4DE2-BB75-6CA1FF7E9FC8}.Release|Any CPU.Build.0 = Release|Any CPU
		{47E341B7-2812-4A98-8071-6A732F80BC1B}.Debug|Any CPU.ActiveCfg = Debug|Any CPU
		{47E341B7-2812-4A98-8071-6A732F80BC1B}.Debug|Any CPU.Build.0 = Debug|Any CPU
		{47E341B7-2812-4A98-8071-6A732F80BC1B}.Release|Any CPU.ActiveCfg = Release|Any CPU
		{47E341B7-2812-4A98-8071-6A732F80BC1B}.Release|Any CPU.Build.0 = Release|Any CPU
	EndGlobalSection
	GlobalSection(SolutionProperties) = preSolution
		HideSolutionNode = FALSE
	EndGlobalSection
	GlobalSection(NestedProjects) = preSolution
		{47E341B7-2812-4A98-8071-6A732F80BC1B} = {F21AE253-C1BA-46DB-B777-E2F1E2F7998F}
	EndGlobalSection
	GlobalSection(ExtensibilityGlobals) = postSolution
		SolutionGuid = {F8BFB2D0-E47C-467F-918B-B0B998B20451}
	EndGlobalSection
EndGlobal
